
Microsoft Visual Studio Solution File, Format Version 12.00
# Visual Studio Version 16
VisualStudioVersion = 16.0.32802.440
MinimumVisualStudioVersion = 10.0.40219.1
Project("{FAE04EC0-301F-11D3-BF4B-00C04F79EFBC}") = "Exercicio01", "Exercicio01\Exercicio01.csproj", "{617E41DF-405D-49E1-95DF-2FB5CCDF53DD}"
EndProject
Project("{FAE04EC0-301F-11D3-BF4B-00C04F79EFBC}") = "Exercicio02", "Exercicio02\Exercicio02.csproj", "{51122126-A01C-4243-8CFC-5A58EC3D1D89}"
EndProject
Project("{FAE04EC0-301F-11D3-BF4B-00C04F79EFBC}") = "Exercicio03", "Exercicio03\Exercicio03.csproj", "{3F9BA101-395E-47DD-99D8-9962A26B00B8}"
EndProject
Project("{FAE04EC0-301F-11D3-BF4B-00C04F79EFBC}") = "Exercicio04", "Exercicio04\Exercicio04.csproj", "{094EBA8F-5181-497E-9EB1-435105512FF2}"
EndProject
Global
	GlobalSection(SolutionConfigurationPlatforms) = preSolution
		Debug|Any CPU = Debug|Any CPU
		Release|Any CPU = Release|Any CPU
	EndGlobalSection
	GlobalSection(ProjectConfigurationPlatforms) = postSolution
		{617E41DF-405D-49E1-95DF-2FB5CCDF53DD}.Debug|Any CPU.ActiveCfg = Debug|Any CPU
		{617E41DF-405D-49E1-95DF-2FB5CCDF53DD}.Debug|Any CPU.Build.0 = Debug|Any CPU
		{617E41DF-405D-49E1-95DF-2FB5CCDF53DD}.Release|Any CPU.ActiveCfg = Release|Any CPU
		{617E41DF-405D-49E1-95DF-2FB5CCDF53DD}.Release|Any CPU.Build.0 = Release|Any CPU
		{51122126-A01C-4243-8CFC-5A58EC3D1D89}.Debug|Any CPU.ActiveCfg = Debug|Any CPU
		{51122126-A01C-4243-8CFC-5A58EC3D1D89}.Debug|Any CPU.Build.0 = Debug|Any CPU
		{51122126-A01C-4243-8CFC-5A58EC3D1D89}.Release|Any CPU.ActiveCfg = Release|Any CPU
		{51122126-A01C-4243-8CFC-5A58EC3D1D89}.Release|Any CPU.Build.0 = Release|Any CPU
		{3F9BA101-395E-47DD-99D8-9962A26B00B8}.Debug|Any CPU.ActiveCfg = Debug|Any CPU
		{3F9BA101-395E-47DD-99D8-9962A26B00B8}.Debug|Any CPU.Build.0 = Debug|Any CPU
		{3F9BA101-395E-47DD-99D8-9962A26B00B8}.Release|Any CPU.ActiveCfg = Release|Any CPU
		{3F9BA101-395E-47DD-99D8-9962A26B00B8}.Release|Any CPU.Build.0 = Release|Any CPU
		{094EBA8F-5181-497E-9EB1-435105512FF2}.Debug|Any CPU.ActiveCfg = Debug|Any CPU
		{094EBA8F-5181-497E-9EB1-435105512FF2}.Debug|Any CPU.Build.0 = Debug|Any CPU
		{094EBA8F-5181-497E-9EB1-435105512FF2}.Release|Any CPU.ActiveCfg = Release|Any CPU
		{094EBA8F-5181-497E-9EB1-435105512FF2}.Release|Any CPU.Build.0 = Release|Any CPU
	EndGlobalSection
	GlobalSection(SolutionProperties) = preSolution
		HideSolutionNode = FALSE
	EndGlobalSection
	GlobalSection(ExtensibilityGlobals) = postSolution
		SolutionGuid = {94C324C7-2473-4224-BA10-AFEEB914193C}
	EndGlobalSection
EndGlobal
